Microsoft Visual Studio Solution File, Format Version 12.00
# Visual Studio Version 17
VisualStudioVersion = 17.5.2.0
MinimumVisualStudioVersion = 10.0.40219.1
Project("{FAE04EC0-301F-11D3-BF4B-00C04F79EFBC}") = "EgitimPlatformu", "EgitimPlatformu.csproj", "{4E42BC1F-FD92-F109-735C-339F3C0B9B26}"
EndProject
Global
	GlobalSection(SolutionConfigurationPlatforms) = preSolution
		Debug|Any CPU = Debug|Any CPU
		Release|Any CPU = Release|Any CPU
	EndGlobalSection
	GlobalSection(ProjectConfigurationPlatforms) = postSolution
		{4E42BC1F-FD92-F109-735C-339F3C0B9B26}.Debug|Any CPU.ActiveCfg = Debug|Any CPU
		{4E42BC1F-FD92-F109-735C-339F3C0B9B26}.Debug|Any CPU.Build.0 = Debug|Any CPU
		{4E42BC1F-FD92-F109-735C-339F3C0B9B26}.Release|Any CPU.ActiveCfg = Release|Any CPU
		{4E42BC1F-FD92-F109-735C-339F3C0B9B26}.Release|Any CPU.Build.0 = Release|Any CPU
	EndGlobalSection
	GlobalSection(SolutionProperties) = preSolution
		HideSolutionNode = FALSE
	EndGlobalSection
	GlobalSection(ExtensibilityGlobals) = postSolution
		SolutionGuid = {9F53E03E-691C-4222-A989-B5E8C71048C6}
	EndGlobalSection
EndGlobal
